
Microsoft Visual Studio Solution File, Format Version 12.00
# Visual Studio Version 16
VisualStudioVersion = 16.0.28803.202
MinimumVisualStudioVersion = 10.0.40219.1
Project("{FAE04EC0-301F-11D3-BF4B-00C04F79EFBC}") = "a406530022_Project", "a406530022_Project\a406530022_Project.csproj", "{0E714DFF-57D7-4AD7-94FB-2990FF1D3AAC}"
EndProject
Global
	GlobalSection(SolutionConfigurationPlatforms) = preSolution
		Debug|Any CPU = Debug|Any CPU
		Release|Any CPU = Release|Any CPU
	EndGlobalSection
	GlobalSection(ProjectConfigurationPlatforms) = postSolution
		{0E714DFF-57D7-4AD7-94FB-2990FF1D3AAC}.Debug|Any CPU.ActiveCfg = Debug|Any CPU
		{0E714DFF-57D7-4AD7-94FB-2990FF1D3AAC}.Debug|Any CPU.Build.0 = Debug|Any CPU
		{0E714DFF-57D7-4AD7-94FB-2990FF1D3AAC}.Release|Any CPU.ActiveCfg = Release|Any CPU
		{0E714DFF-57D7-4AD7-94FB-2990FF1D3AAC}.Release|Any CPU.Build.0 = Release|Any CPU
	EndGlobalSection
	GlobalSection(SolutionProperties) = preSolution
		HideSolutionNode = FALSE
	EndGlobalSection
	GlobalSection(ExtensibilityGlobals) = postSolution
		SolutionGuid = {94390143-F777-46FD-B041-E45AC9904E32}
	EndGlobalSection
EndGlobal
